// !$*UTF8*$!
{
	archiveVersion = 1;
	classes = {
	};
	objectVersion = 46;
	objects = {

/* Begin PBXBuildFile section */
		DF4EC8B21D78C36C00DE9DF3 /* AppDelegate.swift in Sources */ = {isa = PBXBuildFile; fileRef = DF4EC8B11D78C36C00DE9DF3 /* AppDelegate.swift */; };
		DF4EC8B41D78C36C00DE9DF3 /* ViewController.swift in Sources */ = {isa = PBXBuildFile; fileRef = DF4EC8B31D78C36C00DE9DF3 /* ViewController.swift */; };
		DF4EC8B71D78C36C00DE9DF3 /* Main.storyboard in Resources */ = {isa = PBXBuildFile; fileRef = DF4EC8B51D78C36C00DE9DF3 /* Main.storyboard */; };
		DF4EC8B91D78C36C00DE9DF3 /* Assets.xcassets in Resources */ = {isa = PBXBuildFile; fileRef = DF4EC8B81D78C36C00DE9DF3 /* Assets.xcassets */; };
		DF4EC8BC1D78C36C00DE9DF3 /* LaunchScreen.storyboard in Resources */ = {isa = PBXBuildFile; fileRef = DF4EC8BA1D78C36C00DE9DF3 /* LaunchScreen.storyboard */; };
/* End PBXBuildFile section */

/* Begin PBXFileReference section */
		DF4EC8AE1D78C36C00DE9DF3 /* SuperCool.app */ = {isa = PBXFileReference; explicitFileType = wrapper.application; includeInIndex = 0; path = SuperCool.app; sourceTree = BUILT_PRODUCTS_DIR; };
		DF4EC8B11D78C36C00DE9DF3 /* AppDelegate.swift */ = {isa = PBXFileReference; lastKnownFileType = sourcecode.swift; path = AppDelegate.swift; sourceTree = "<group>"; };
		DF4EC8B31D78C36C00DE9DF3 /* ViewController.swift */ = {isa = PBXFileReference; lastKnownFileType = sourcecode.swift; path = ViewController.swift; sourceTree = "<group>"; };
		DF4EC8B61D78C36C00DE9DF3 /* Base */ = {isa = PBXFileReference; lastKnownFileType = file.storyboard; name = Base; path = Base.lproj/Main.storyboard; sourceTree = "<group>"; };
		DF4EC8B81D78C36C00DE9DF3 /* Assets.xcassets */ = {isa = PBXFileReference; lastKnownFileType = folder.assetcatalog; path = Assets.xcassets; sourceTree = "<group>"; };
		DF4EC8BB1D78C36C00DE9DF3 /* Base */ = {isa = PBXFileReference; lastKnownFileType = file.storyboard; name = Base; path = Base.lproj/LaunchScreen.storyboard; sourceTree = "<group>"; };
		DF4EC8BD1D78C36C00DE9DF3 /* Info.plist */ = {isa = PBXFileReference; lastKnownFileType = text.plist.xml; path = Info.plist; sourceTree = "<group>"; };
/* End PBXFileReference section */

/* Begin PBXFrameworksBuildPhase section */
		DF4EC8AB1D78C36C00DE9DF3 /* Frameworks */ = {
			isa = PBXFrameworksBuildPhase;
			buildActionMask = 2147483647;
			files = (
			);
			runOnlyForDeploymentPostprocessing = 0;
		};
/* End PBXFrameworksBuildPhase section */

/* Begin PBXGroup section */
		DF4EC8A51D78C36C00DE9DF3 = {
			isa = PBXGroup;
			children = (
				DF4EC8B01D78C36C00DE9DF3 /* SuperCool */,
				DF4EC8AF1D78C36C00DE9DF3 /* Products */,
			);
			sourceTree = "<group>";
		};
		DF4EC8AF1D78C36C00DE9DF3 /* Products */ = {
			isa = PBXGroup;
			children = (
				DF4EC8AE1D78C36C00DE9DF3 /* SuperCool.app */,
			);
			name = Products;
			sourceTree = "<group>";
		};
		DF4EC8B01D78C36C00DE9DF3 /* SuperCool */ = {
			isa = PBXGroup;
			children = (
				DF4EC8B11D78C36C00DE9DF3 /* AppDelegate.swift */,
				DF4EC8B31D78C36C00DE9DF3 /* ViewController.swift */,
				DF4EC8B51D78C36C00DE9DF3 /* Main.storyboard */,
				DF4EC8B81D78C36C00DE9DF3 /* Assets.xcassets */,
				DF4EC8BA1D78C36C00DE9DF3 /* LaunchScreen.storyboard */,
				DF4EC8BD1D78C36C00DE9DF3 /* Info.plist */,
			);
			path = SuperCool;
			sourceTree = "<group>";
		};
/* End PBXGroup section */

/* Begin PBXNativeTarget section */
		DF4EC8AD1D78C36C00DE9DF3 /* SuperCool */ = {
			isa = PBXNativeTarget;
			buildConfigurationList = DF4EC8C01D78C36C00DE9DF3 /* Build configuration list for PBXNativeTarget "SuperCool" */;
			buildPhases = (
				DF4EC8AA1D78C36C00DE9DF3 /* Sources */,
				DF4EC8AB1D78C36C00DE9DF3 /* Frameworks */,
				DF4EC8AC1D78C36C00DE9DF3 /* Resources */,
			);
			buildRules = (
			);
			dependencies = (
			);
			name = SuperCool;
			productName = SuperCool;
			productReference = DF4EC8AE1D78C36C00DE9DF3 /* SuperCool.app */;
			productType = "com.apple.product-type.application";
		};
/* End PBXNativeTarget section */

/* Begin PBXProject section */
		DF4EC8A61D78C36C00DE9DF3 /* Project object */ = {
			isa = PBXProject;
			attributes = {
				LastSwiftUpdateCheck = 0730;
				LastUpgradeCheck = 0730;
				ORGANIZATIONNAME = "Ronald L Brown";
				TargetAttributes = {
					DF4EC8AD1D78C36C00DE9DF3 = {
						CreatedOnToolsVersion = 7.3.1;
					};
				};
			};
			buildConfigurationList = DF4EC8A91D78C36C00DE9DF3 /* Build configuration list for PBXProject "SuperCool" */;
			compatibilityVersion = "Xcode 3.2";
			developmentRegion = English;
			hasScannedForEncodings = 0;
			knownRegions = (
				en,
				Base,
			);
			mainGroup = DF4EC8A51D78C36C00DE9DF3;
			productRefGroup = DF4EC8AF1D78C36C00DE9DF3 /* Products */;
			projectDirPath = "";
			projectRoot = "";
			targets = (
				DF4EC8AD1D78C36C00DE9DF3 /* SuperCool */,
			);
		};
/* End PBXProject section */

/* Begin PBXResourcesBuildPhase section */
		DF4EC8AC1D78C36C00DE9DF3 /* Resources */ = {
			isa = PBXResourcesBuildPhase;
			buildActionMask = 2147483647;
			files = (
				DF4EC8BC1D78C36C00DE9DF3 /* LaunchScreen.storyboard in Resources */,
				DF4EC8B91D78C36C00DE9DF3 /* Assets.xcassets in Resources */,
				DF4EC8B71D78C36C00DE9DF3 /* Main.storyboard in Resources */,
			);
			runOnlyForDeploymentPostprocessing = 0;
		};
/* End PBXResourcesBuildPhase section */

/* Begin PBXSourcesBuildPhase section */
		DF4EC8AA1D78C36C00DE9DF3 /* Sources */ = {
			isa = PBXSourcesBuildPhase;
			buildActionMask = 2147483647;
			files = (
				DF4EC8B41D78C36C00DE9DF3 /* ViewController.swift in Sources */,
				DF4EC8B21D78C36C00DE9DF3 /* AppDelegate.swift in Sources */,
			);
			runOnlyForDeploymentPostprocessing = 0;
		};
/* End PBXSourcesBuildPhase section */

/* Begin PBXVariantGroup section */
		DF4EC8B51D78C36C00DE9DF3 /* Main.storyboard */ = {
			isa = PBXVariantGroup;
			children = (
				DF4EC8B61D78C36C00DE9DF3 /* Base */,
			);
			name = Main.storyboard;
			sourceTree = "<group>";
		};
		DF4EC8BA1D78C36C00DE9DF3 /* LaunchScreen.storyboard */ = {
			isa = PBXVariantGroup;
			children = (
				DF4EC8BB1D78C36C00DE9DF3 /* Base */,
			);
			name = LaunchScreen.storyboard;
			sourceTree = "<group>";
		};
/* End PBXVariantGroup section */

/* Begin XCBuildConfiguration section */
		DF4EC8BE1D78C36C00DE9DF3 /* Debug */ = {
			isa = XCBuildConfiguration;
			buildSettings = {
				ALWAYS_SEARCH_USER_PATHS = NO;
				CLANG_ANALYZER_NONNULL = YES;
				CLANG_CXX_LANGUAGE_STANDARD = "gnu++0x";
				CLANG_CXX_LIBRARY = "libc++";
				CLANG_ENABLE_MODULES = YES;
				CLANG_ENABLE_OBJC_ARC = YES;
				CLANG_WARN_BOOL_CONVERSION = YES;
				CLANG_WARN_CONSTANT_CONVERSION = YES;
				CLANG_WARN_DIRECT_OBJC_ISA_USAGE = YES_ERROR;
				CLANG_WARN_EMPTY_BODY = YES;
				CLANG_WARN_ENUM_CONVERSION = YES;
				CLANG_WARN_INT_CONVERSION = YES;
				CLANG_WARN_OBJC_ROOT_CLASS = YES_ERROR;
				CLANG_WARN_UNREACHABLE_CODE = YES;
				CLANG_WARN__DUPLICATE_METHOD_MATCH = YES;
				"CODE_SIGN_IDENTITY[sdk=iphoneos*]" = "iPhone Developer";
				COPY_PHASE_STRIP = NO;
				DEBUG_INFORMATION_FORMAT = dwarf;
				ENABLE_STRICT_OBJC_MSGSEND = YES;
				ENABLE_TESTABILITY = YES;
				GCC_C_LANGUAGE_STANDARD = gnu99;
				GCC_DYNAMIC_NO_PIC = NO;
				GCC_NO_COMMON_BLOCKS = YES;
				GCC_OPTIMIZATION_LEVEL = 0;
				GCC_PREPROCESSOR_DEFINITIONS = (
					"DEBUG=1",
					"$(inherited)",
				);
				GCC_WARN_64_TO_32_BIT_CONVERSION = YES;
				GCC_WARN_ABOUT_RETURN_TYPE = YES_ERROR;
				GCC_WARN_UNDECLARED_SELECTOR = YES;
				GCC_WARN_UNINITIALIZED_AUTOS = YES_AGGRESSIVE;
				GCC_WARN_UNUSED_FUNCTION = YES;
				GCC_WARN_UNUSED_VARIABLE = YES;
				IPHONEOS_DEPLOYMENT_TARGET = 9.3;
				MTL_ENABLE_DEBUG_INFO = YES;
				ONLY_ACTIVE_ARCH = YES;
				SDKROOT = iphoneos;
				SWIFT_OPTIMIZATION_LEVEL = "-Onone";
			};
			name = Debug;
		};
		DF4EC8BF1D78C36C00DE9DF3 /* Release */ = {
			isa = XCBuildConfiguration;
			buildSettings = {
				ALWAYS_SEARCH_USER_PATHS = NO;
				CLANG_ANALYZER_NONNULL = YES;
				CLANG_CXX_LANGUAGE_STANDARD = "gnu++0x";
				CLANG_CXX_LIBRARY = "libc++";
				CLANG_ENABLE_MODULES = YES;
				CLANG_ENABLE_OBJC_ARC = YES;
				CLANG_WARN_BOOL_CONVERSION = YES;
				CLANG_WARN_CONSTANT_CONVERSION = YES;
				CLANG_WARN_DIRECT_OBJC_ISA_USAGE = YES_ERROR;
				CLANG_WARN_EMPTY_BODY = YES;
				CLANG_WARN_ENUM_CONVERSION = YES;
				CLANG_WARN_INT_CONVERSION = YES;
				CLANG_WARN_OBJC_ROOT_CLASS = YES_ERROR;
				CLANG_WARN_UNREACHABLE_CODE = YES;
				CLANG_WARN__DUPLICATE_METHOD_MATCH = YES;
				"CODE_SIGN_IDENTITY[sdk=iphoneos*]" = "iPhone Developer";
				COPY_PHASE_STRIP = NO;
				DEBUG_INFORMATION_FORMAT = "dwarf-with-dsym";
				ENABLE_NS_ASSERTIONS = NO;
				ENABLE_STRICT_OBJC_MSGSEND = YES;
				GCC_C_LANGUAGE_STANDARD = gnu99;
				GCC_NO_COMMON_BLOCKS = YES;
				GCC_WARN_64_TO_32_BIT_CONVERSION = YES;
				GCC_WARN_ABOUT_RETURN_TYPE = YES_ERROR;
				GCC_WARN_UNDECLARED_SELECTOR = YES;
				GCC_WARN_UNINITIALIZED_AUTOS = YES_AGGRESSIVE;
				GCC_WARN_UNUSED_FUNCTION = YES;
				GCC_WARN_UNUSED_VARIABLE = YES;
				IPHONEOS_DEPLOYMENT_TARGET = 9.3;
				MTL_ENABLE_DEBUG_INFO = NO;
				SDKROOT = iphoneos;
				VALIDATE_PRODUCT = YES;
			};
			name = Release;
		};
		DF4EC8C11D78C36C00DE9DF3 /* Debug */ = {
			isa = XCBuildConfiguration;
			buildSettings = {
				ASSETCATALOG_COMPILER_APPICON_NAME = AppIcon;
				INFOPLIST_FILE = SuperCool/Info.plist;
				LD_RUNPATH_SEARCH_PATHS = "$(inherited) @executable_path/Frameworks";
				PRODUCT_BUNDLE_IDENTIFIER = projects.ron.SuperCool;
				PRODUCT_NAME = "$(TARGET_NAME)";
			};
			name = Debug;
		};
		DF4EC8C21D78C36C00DE9DF3 /* Release */ = {
			isa = XCBuildConfiguration;
			buildSettings = {
				ASSETCATALOG_COMPILER_APPICON_NAME = AppIcon;
				INFOPLIST_FILE = SuperCool/Info.plist;
				LD_RUNPATH_SEARCH_PATHS = "$(inherited) @executable_path/Frameworks";
				PRODUCT_BUNDLE_IDENTIFIER = projects.ron.SuperCool;
				PRODUCT_NAME = "$(TARGET_NAME)";
			};
			name = Release;
		};
/* End XCBuildConfiguration section */

/* Begin XCConfigurationList section */
		DF4EC8A91D78C36C00DE9DF3 /* Build configuration list for PBXProject "SuperCool" */ = {
			isa = XCConfigurationList;
			buildConfigurations = (
				DF4EC8BE1D78C36C00DE9DF3 /* Debug */,
				DF4EC8BF1D78C36C00DE9DF3 /* Release */,
			);
			defaultConfigurationIsVisible = 0;
			defaultConfigurationName = Release;
		};
		DF4EC8C01D78C36C00DE9DF3 /* Build configuration list for PBXNativeTarget "SuperCool" */ = {
			isa = XCConfigurationList;
			buildConfigurations = (
				DF4EC8C11D78C36C00DE9DF3 /* Debug */,
				DF4EC8C21D78C36C00DE9DF3 /* Release */,
			);
			defaultConfigurationIsVisible = 0;
		};
/* End XCConfigurationList section */
	};
	rootObject = DF4EC8A61D78C36C00DE9DF3 /* Project object */;
}
